
Microsoft Visual Studio Solution File, Format Version 12.00
# Visual Studio Version 16
VisualStudioVersion = 16.0.31624.102
MinimumVisualStudioVersion = 10.0.40219.1
Project("{FAE04EC0-301F-11D3-BF4B-00C04F79EFBC}") = "Todo.API", "Todo.API\Todo.API.csproj", "{C7AA41AF-4E2F-4155-855B-BAE6FD0F9CAD}"
EndProject
Project("{9A19103F-16F7-4668-BE54-9A1E7A4F7556}") = "Todo.Lib", "..\Todo.Lib\Todo.Lib\Todo.Lib.csproj", "{EB20ECA5-93FB-40C7-A5FE-8BBE6088C021}"
EndProject
Global
	GlobalSection(SolutionConfigurationPlatforms) = preSolution
		Debug|Any CPU = Debug|Any CPU
		Release|Any CPU = Release|Any CPU
	EndGlobalSection
	GlobalSection(ProjectConfigurationPlatforms) = postSolution
		{C7AA41AF-4E2F-4155-855B-BAE6FD0F9CAD}.Debug|Any CPU.ActiveCfg = Debug|Any CPU
		{C7AA41AF-4E2F-4155-855B-BAE6FD0F9CAD}.Debug|Any CPU.Build.0 = Debug|Any CPU
		{C7AA41AF-4E2F-4155-855B-BAE6FD0F9CAD}.Release|Any CPU.ActiveCfg = Release|Any CPU
		{C7AA41AF-4E2F-4155-855B-BAE6FD0F9CAD}.Release|Any CPU.Build.0 = Release|Any CPU
		{EB20ECA5-93FB-40C7-A5FE-8BBE6088C021}.Debug|Any CPU.ActiveCfg = Debug|Any CPU
		{EB20ECA5-93FB-40C7-A5FE-8BBE6088C021}.Debug|Any CPU.Build.0 = Debug|Any CPU
		{EB20ECA5-93FB-40C7-A5FE-8BBE6088C021}.Release|Any CPU.ActiveCfg = Release|Any CPU
		{EB20ECA5-93FB-40C7-A5FE-8BBE6088C021}.Release|Any CPU.Build.0 = Release|Any CPU
	EndGlobalSection
	GlobalSection(SolutionProperties) = preSolution
		HideSolutionNode = FALSE
	EndGlobalSection
	GlobalSection(ExtensibilityGlobals) = postSolution
		SolutionGuid = {07CE6F9B-5B11-4348-9E94-A5025E973A4F}
	EndGlobalSection
EndGlobal
